
Microsoft Visual Studio Solution File, Format Version 12.00
# Visual Studio Version 16
VisualStudioVersion = 16.0.30204.135
MinimumVisualStudioVersion = 10.0.40219.1
Project("{FAE04EC0-301F-11D3-BF4B-00C04F79EFBC}") = "Experts_Economist", "Experts_Economist\Experts_Economist.csproj", "{F74AE163-1230-4B29-8F79-C1186034EB74}"
	ProjectSection(ProjectDependencies) = postProject
		{E9E28DB8-C81A-445C-9D2A-3F760A59924A} = {E9E28DB8-C81A-445C-9D2A-3F760A59924A}
	EndProjectSection
EndProject
Project("{FAE04EC0-301F-11D3-BF4B-00C04F79EFBC}") = "Data", "DBManager\Data.csproj", "{257CD47A-3E26-4817-B689-A01842C2174A}"
EndProject
Project("{FAE04EC0-301F-11D3-BF4B-00C04F79EFBC}") = "Calculations", "Calculations\Calculations.csproj", "{B61E5197-C31F-46EF-9AD5-8B416E96B909}"
EndProject
Project("{FAE04EC0-301F-11D3-BF4B-00C04F79EFBC}") = "MedicForm", "MedicForm\MedicForm\MedicForm.csproj", "{C4A47A15-4C7C-407A-971C-910BB6963505}"
EndProject
Project("{FAE04EC0-301F-11D3-BF4B-00C04F79EFBC}") = "oprForm", "oprForm\oprForm.csproj", "{608ADB6A-0238-40CD-8705-0B11D4663079}"
EndProject
Project("{FAE04EC0-301F-11D3-BF4B-00C04F79EFBC}") = "Maps", "maps_2\Rivne\Maps.csproj", "{5D83FACC-D62F-45C9-B1F0-EBC98E54CE58}"
EndProject
Project("{FAE04EC0-301F-11D3-BF4B-00C04F79EFBC}") = "Calculations.Tests", "Calculations.Tests\Calculations.Tests.csproj", "{69C062B6-BD49-412F-81D2-47C1FCAE8167}"
EndProject
Project("{54435603-DBB4-11D2-8724-00A0C9A8B90C}") = "KEEMSetup", "KEEMSetup\KEEMSetup.vdproj", "{632ED80C-F924-41CD-AE19-C750B36A436A}"
EndProject
Project("{FAE04EC0-301F-11D3-BF4B-00C04F79EFBC}") = "Installer", "Installer\Installer\Installer.csproj", "{DE52964D-C90E-483A-833D-3FAC6BDB000C}"
EndProject
Project("{FAE04EC0-301F-11D3-BF4B-00C04F79EFBC}") = "SearchAndBase", "LemmLab\LawFileBase\SearchAndBase.csproj", "{3153355E-107E-4752-8F30-03EE5E821B34}"
	ProjectSection(ProjectDependencies) = postProject
		{A0E906CB-F24D-40A3-9D04-8648C896AA54} = {A0E906CB-F24D-40A3-9D04-8648C896AA54}
	EndProjectSection
EndProject
Project("{FAE04EC0-301F-11D3-BF4B-00C04F79EFBC}") = "LemmLab", "LemmLab\LemmLab\LemmLab.csproj", "{101A3E64-1BC3-4A6D-9E4D-B829F6B9842D}"
EndProject
Project("{FAE04EC0-301F-11D3-BF4B-00C04F79EFBC}") = "FileBase", "LemmLab\FileBase\FileBase.csproj", "{A0E906CB-F24D-40A3-9D04-8648C896AA54}"
	ProjectSection(ProjectDependencies) = postProject
		{101A3E64-1BC3-4A6D-9E4D-B829F6B9842D} = {101A3E64-1BC3-4A6D-9E4D-B829F6B9842D}
	EndProjectSection
EndProject
Project("{FAE04EC0-301F-11D3-BF4B-00C04F79EFBC}") = "Jurist", "Jurist\Jurist.csproj", "{E9E28DB8-C81A-445C-9D2A-3F760A59924A}"
EndProject
Project("{2150E333-8FDC-42A3-9474-1A3956D46DE8}") = "Solution Items", "Solution Items", "{680C9FB2-99C6-484B-9FF0-0E32D24580B4}"
	ProjectSection(SolutionItems) = preProject
		.editorconfig = .editorconfig
	EndProjectSection
EndProject
Project("{FAE04EC0-301F-11D3-BF4B-00C04F79EFBC}") = "HelpModule", "HelpModule\HelpModule.csproj", "{232DB101-3258-4E3A-AA4D-D9B25FE35602}"
EndProject
Project("{FAE04EC0-301F-11D3-BF4B-00C04F79EFBC}") = "DrawChartModule", "DrawChartModule\DrawChartModule.csproj", "{A92DA1E0-E0B3-4612-BF9C-EE08CBE14438}"
EndProject
Project("{FAE04EC0-301F-11D3-BF4B-00C04F79EFBC}") = "ChartUI", "ChartUI\ChartUI.csproj", "{CA6D84B7-0BA2-4D13-B33E-C430B9A7D27C}"
EndProject
Global
	GlobalSection(SolutionConfigurationPlatforms) = preSolution
		Debug|Any CPU = Debug|Any CPU
		Debug|x64 = Debug|x64
		Debug|x86 = Debug|x86
		Release|Any CPU = Release|Any CPU
		Release|x64 = Release|x64
		Release|x86 = Release|x86
	EndGlobalSection
	GlobalSection(ProjectConfigurationPlatforms) = postSolution
		{F74AE163-1230-4B29-8F79-C1186034EB74}.Debug|Any CPU.ActiveCfg = Debug|Any CPU
		{F74AE163-1230-4B29-8F79-C1186034EB74}.Debug|Any CPU.Build.0 = Debug|Any CPU
		{F74AE163-1230-4B29-8F79-C1186034EB74}.Debug|x64.ActiveCfg = Debug|Any CPU
		{F74AE163-1230-4B29-8F79-C1186034EB74}.Debug|x64.Build.0 = Debug|Any CPU
		{F74AE163-1230-4B29-8F79-C1186034EB74}.Debug|x86.ActiveCfg = Debug|Any CPU
		{F74AE163-1230-4B29-8F79-C1186034EB74}.Debug|x86.Build.0 = Debug|Any CPU
		{F74AE163-1230-4B29-8F79-C1186034EB74}.Release|Any CPU.ActiveCfg = Release|Any CPU
		{F74AE163-1230-4B29-8F79-C1186034EB74}.Release|Any CPU.Build.0 = Release|Any CPU
		{F74AE163-1230-4B29-8F79-C1186034EB74}.Release|x64.ActiveCfg = Release|Any CPU
		{F74AE163-1230-4B29-8F79-C1186034EB74}.Release|x64.Build.0 = Release|Any CPU
		{F74AE163-1230-4B29-8F79-C1186034EB74}.Release|x86.ActiveCfg = Release|Any CPU
		{F74AE163-1230-4B29-8F79-C1186034EB74}.Release|x86.Build.0 = Release|Any CPU
		{257CD47A-3E26-4817-B689-A01842C2174A}.Debug|Any CPU.ActiveCfg = Debug|Any CPU
		{257CD47A-3E26-4817-B689-A01842C2174A}.Debug|Any CPU.Build.0 = Debug|Any CPU
		{257CD47A-3E26-4817-B689-A01842C2174A}.Debug|x64.ActiveCfg = Debug|Any CPU
		{257CD47A-3E26-4817-B689-A01842C2174A}.Debug|x64.Build.0 = Debug|Any CPU
		{257CD47A-3E26-4817-B689-A01842C2174A}.Debug|x86.ActiveCfg = Debug|Any CPU
		{257CD47A-3E26-4817-B689-A01842C2174A}.Debug|x86.Build.0 = Debug|Any CPU
		{257CD47A-3E26-4817-B689-A01842C2174A}.Release|Any CPU.ActiveCfg = Release|Any CPU
		{257CD47A-3E26-4817-B689-A01842C2174A}.Release|Any CPU.Build.0 = Release|Any CPU
		{257CD47A-3E26-4817-B689-A01842C2174A}.Release|x64.ActiveCfg = Release|Any CPU
		{257CD47A-3E26-4817-B689-A01842C2174A}.Release|x64.Build.0 = Release|Any CPU
		{257CD47A-3E26-4817-B689-A01842C2174A}.Release|x86.ActiveCfg = Release|Any CPU
		{257CD47A-3E26-4817-B689-A01842C2174A}.Release|x86.Build.0 = Release|Any CPU
		{B61E5197-C31F-46EF-9AD5-8B416E96B909}.Debug|Any CPU.ActiveCfg = Debug|Any CPU
		{B61E5197-C31F-46EF-9AD5-8B416E96B909}.Debug|Any CPU.Build.0 = Debug|Any CPU
		{B61E5197-C31F-46EF-9AD5-8B416E96B909}.Debug|x64.ActiveCfg = Debug|Any CPU
		{B61E5197-C31F-46EF-9AD5-8B416E96B909}.Debug|x64.Build.0 = Debug|Any CPU
		{B61E5197-C31F-46EF-9AD5-8B416E96B909}.Debug|x86.ActiveCfg = Debug|Any CPU
		{B61E5197-C31F-46EF-9AD5-8B416E96B909}.Debug|x86.Build.0 = Debug|Any CPU
		{B61E5197-C31F-46EF-9AD5-8B416E96B909}.Release|Any CPU.ActiveCfg = Release|Any CPU
		{B61E5197-C31F-46EF-9AD5-8B416E96B909}.Release|Any CPU.Build.0 = Release|Any CPU
		{B61E5197-C31F-46EF-9AD5-8B416E96B909}.Release|x64.ActiveCfg = Release|Any CPU
		{B61E5197-C31F-46EF-9AD5-8B416E96B909}.Release|x64.Build.0 = Release|Any CPU
		{B61E5197-C31F-46EF-9AD5-8B416E96B909}.Release|x86.ActiveCfg = Release|Any CPU
		{B61E5197-C31F-46EF-9AD5-8B416E96B909}.Release|x86.Build.0 = Release|Any CPU
		{C4A47A15-4C7C-407A-971C-910BB6963505}.Debug|Any CPU.ActiveCfg = Debug|Any CPU
		{C4A47A15-4C7C-407A-971C-910BB6963505}.Debug|Any CPU.Build.0 = Debug|Any CPU
		{C4A47A15-4C7C-407A-971C-910BB6963505}.Debug|x64.ActiveCfg = Debug|Any CPU
		{C4A47A15-4C7C-407A-971C-910BB6963505}.Debug|x64.Build.0 = Debug|Any CPU
		{C4A47A15-4C7C-407A-971C-910BB6963505}.Debug|x86.ActiveCfg = Debug|Any CPU
		{C4A47A15-4C7C-407A-971C-910BB6963505}.Debug|x86.Build.0 = Debug|Any CPU
		{C4A47A15-4C7C-407A-971C-910BB6963505}.Release|Any CPU.ActiveCfg = Release|Any CPU
		{C4A47A15-4C7C-407A-971C-910BB6963505}.Release|Any CPU.Build.0 = Release|Any CPU
		{C4A47A15-4C7C-407A-971C-910BB6963505}.Release|x64.ActiveCfg = Release|Any CPU
		{C4A47A15-4C7C-407A-971C-910BB6963505}.Release|x64.Build.0 = Release|Any CPU
		{C4A47A15-4C7C-407A-971C-910BB6963505}.Release|x86.ActiveCfg = Release|Any CPU
		{C4A47A15-4C7C-407A-971C-910BB6963505}.Release|x86.Build.0 = Release|Any CPU
		{608ADB6A-0238-40CD-8705-0B11D4663079}.Debug|Any CPU.ActiveCfg = Debug|Any CPU
		{608ADB6A-0238-40CD-8705-0B11D4663079}.Debug|Any CPU.Build.0 = Debug|Any CPU
		{608ADB6A-0238-40CD-8705-0B11D4663079}.Debug|x64.ActiveCfg = Debug|Any CPU
		{608ADB6A-0238-40CD-8705-0B11D4663079}.Debug|x64.Build.0 = Debug|Any CPU
		{608ADB6A-0238-40CD-8705-0B11D4663079}.Debug|x86.ActiveCfg = Debug|Any CPU
		{608ADB6A-0238-40CD-8705-0B11D4663079}.Debug|x86.Build.0 = Debug|Any CPU
		{608ADB6A-0238-40CD-8705-0B11D4663079}.Release|Any CPU.ActiveCfg = Release|Any CPU
		{608ADB6A-0238-40CD-8705-0B11D4663079}.Release|Any CPU.Build.0 = Release|Any CPU
		{608ADB6A-0238-40CD-8705-0B11D4663079}.Release|x64.ActiveCfg = Release|Any CPU
		{608ADB6A-0238-40CD-8705-0B11D4663079}.Release|x64.Build.0 = Release|Any CPU
		{608ADB6A-0238-40CD-8705-0B11D4663079}.Release|x86.ActiveCfg = Release|Any CPU
		{608ADB6A-0238-40CD-8705-0B11D4663079}.Release|x86.Build.0 = Release|Any CPU
		{5D83FACC-D62F-45C9-B1F0-EBC98E54CE58}.Debug|Any CPU.ActiveCfg = Debug|Any CPU
		{5D83FACC-D62F-45C9-B1F0-EBC98E54CE58}.Debug|Any CPU.Build.0 = Debug|Any CPU
		{5D83FACC-D62F-45C9-B1F0-EBC98E54CE58}.Debug|x64.ActiveCfg = Debug|Any CPU
		{5D83FACC-D62F-45C9-B1F0-EBC98E54CE58}.Debug|x64.Build.0 = Debug|Any CPU
		{5D83FACC-D62F-45C9-B1F0-EBC98E54CE58}.Debug|x86.ActiveCfg = Debug|Any CPU
		{5D83FACC-D62F-45C9-B1F0-EBC98E54CE58}.Debug|x86.Build.0 = Debug|Any CPU
		{5D83FACC-D62F-45C9-B1F0-EBC98E54CE58}.Release|Any CPU.ActiveCfg = Release|Any CPU
		{5D83FACC-D62F-45C9-B1F0-EBC98E54CE58}.Release|Any CPU.Build.0 = Release|Any CPU
		{5D83FACC-D62F-45C9-B1F0-EBC98E54CE58}.Release|x64.ActiveCfg = Release|Any CPU
		{5D83FACC-D62F-45C9-B1F0-EBC98E54CE58}.Release|x64.Build.0 = Release|Any CPU
		{5D83FACC-D62F-45C9-B1F0-EBC98E54CE58}.Release|x86.ActiveCfg = Release|Any CPU
		{5D83FACC-D62F-45C9-B1F0-EBC98E54CE58}.Release|x86.Build.0 = Release|Any CPU
		{69C062B6-BD49-412F-81D2-47C1FCAE8167}.Debug|Any CPU.ActiveCfg = Debug|Any CPU
		{69C062B6-BD49-412F-81D2-47C1FCAE8167}.Debug|Any CPU.Build.0 = Debug|Any CPU
		{69C062B6-BD49-412F-81D2-47C1FCAE8167}.Debug|x64.ActiveCfg = Debug|Any CPU
		{69C062B6-BD49-412F-81D2-47C1FCAE8167}.Debug|x86.ActiveCfg = Debug|Any CPU
		{69C062B6-BD49-412F-81D2-47C1FCAE8167}.Release|Any CPU.ActiveCfg = Release|Any CPU
		{69C062B6-BD49-412F-81D2-47C1FCAE8167}.Release|Any CPU.Build.0 = Release|Any CPU
		{69C062B6-BD49-412F-81D2-47C1FCAE8167}.Release|x64.ActiveCfg = Release|Any CPU
		{69C062B6-BD49-412F-81D2-47C1FCAE8167}.Release|x86.ActiveCfg = Release|Any CPU
		{632ED80C-F924-41CD-AE19-C750B36A436A}.Debug|Any CPU.ActiveCfg = Debug
		{632ED80C-F924-41CD-AE19-C750B36A436A}.Debug|x64.ActiveCfg = Debug
		{632ED80C-F924-41CD-AE19-C750B36A436A}.Debug|x64.Build.0 = Debug
		{632ED80C-F924-41CD-AE19-C750B36A436A}.Debug|x86.ActiveCfg = Debug
		{632ED80C-F924-41CD-AE19-C750B36A436A}.Debug|x86.Build.0 = Debug
		{632ED80C-F924-41CD-AE19-C750B36A436A}.Release|Any CPU.ActiveCfg = Release
		{632ED80C-F924-41CD-AE19-C750B36A436A}.Release|x64.ActiveCfg = Release
		{632ED80C-F924-41CD-AE19-C750B36A436A}.Release|x64.Build.0 = Release
		{632ED80C-F924-41CD-AE19-C750B36A436A}.Release|x86.ActiveCfg = Release
		{632ED80C-F924-41CD-AE19-C750B36A436A}.Release|x86.Build.0 = Release
		{DE52964D-C90E-483A-833D-3FAC6BDB000C}.Debug|Any CPU.ActiveCfg = Debug|Any CPU
		{DE52964D-C90E-483A-833D-3FAC6BDB000C}.Debug|Any CPU.Build.0 = Debug|Any CPU
		{DE52964D-C90E-483A-833D-3FAC6BDB000C}.Debug|x64.ActiveCfg = Debug|Any CPU
		{DE52964D-C90E-483A-833D-3FAC6BDB000C}.Debug|x64.Build.0 = Debug|Any CPU
		{DE52964D-C90E-483A-833D-3FAC6BDB000C}.Debug|x86.ActiveCfg = Debug|Any CPU
		{DE52964D-C90E-483A-833D-3FAC6BDB000C}.Debug|x86.Build.0 = Debug|Any CPU
		{DE52964D-C90E-483A-833D-3FAC6BDB000C}.Release|Any CPU.ActiveCfg = Release|Any CPU
		{DE52964D-C90E-483A-833D-3FAC6BDB000C}.Release|Any CPU.Build.0 = Release|Any CPU
		{DE52964D-C90E-483A-833D-3FAC6BDB000C}.Release|x64.ActiveCfg = Release|Any CPU
		{DE52964D-C90E-483A-833D-3FAC6BDB000C}.Release|x64.Build.0 = Release|Any CPU
		{DE52964D-C90E-483A-833D-3FAC6BDB000C}.Release|x86.ActiveCfg = Release|Any CPU
		{DE52964D-C90E-483A-833D-3FAC6BDB000C}.Release|x86.Build.0 = Release|Any CPU
		{3153355E-107E-4752-8F30-03EE5E821B34}.Debug|Any CPU.ActiveCfg = Debug|Any CPU
		{3153355E-107E-4752-8F30-03EE5E821B34}.Debug|Any CPU.Build.0 = Debug|Any CPU
		{3153355E-107E-4752-8F30-03EE5E821B34}.Debug|x64.ActiveCfg = Debug|Any CPU
		{3153355E-107E-4752-8F30-03EE5E821B34}.Debug|x64.Build.0 = Debug|Any CPU
		{3153355E-107E-4752-8F30-03EE5E821B34}.Debug|x86.ActiveCfg = Debug|Any CPU
		{3153355E-107E-4752-8F30-03EE5E821B34}.Debug|x86.Build.0 = Debug|Any CPU
		{3153355E-107E-4752-8F30-03EE5E821B34}.Release|Any CPU.ActiveCfg = Release|Any CPU
		{3153355E-107E-4752-8F30-03EE5E821B34}.Release|Any CPU.Build.0 = Release|Any CPU
		{3153355E-107E-4752-8F30-03EE5E821B34}.Release|x64.ActiveCfg = Release|Any CPU
		{3153355E-107E-4752-8F30-03EE5E821B34}.Release|x64.Build.0 = Release|Any CPU
		{3153355E-107E-4752-8F30-03EE5E821B34}.Release|x86.ActiveCfg = Release|Any CPU
		{3153355E-107E-4752-8F30-03EE5E821B34}.Release|x86.Build.0 = Release|Any CPU
		{101A3E64-1BC3-4A6D-9E4D-B829F6B9842D}.Debug|Any CPU.ActiveCfg = Debug|Any CPU
		{101A3E64-1BC3-4A6D-9E4D-B829F6B9842D}.Debug|Any CPU.Build.0 = Debug|Any CPU
		{101A3E64-1BC3-4A6D-9E4D-B829F6B9842D}.Debug|x64.ActiveCfg = Debug|Any CPU
		{101A3E64-1BC3-4A6D-9E4D-B829F6B9842D}.Debug|x64.Build.0 = Debug|Any CPU
		{101A3E64-1BC3-4A6D-9E4D-B829F6B9842D}.Debug|x86.ActiveCfg = Debug|Any CPU
		{101A3E64-1BC3-4A6D-9E4D-B829F6B9842D}.Debug|x86.Build.0 = Debug|Any CPU
		{101A3E64-1BC3-4A6D-9E4D-B829F6B9842D}.Release|Any CPU.ActiveCfg = Release|Any CPU
		{101A3E64-1BC3-4A6D-9E4D-B829F6B9842D}.Release|Any CPU.Build.0 = Release|Any CPU
		{101A3E64-1BC3-4A6D-9E4D-B829F6B9842D}.Release|x64.ActiveCfg = Release|Any CPU
		{101A3E64-1BC3-4A6D-9E4D-B829F6B9842D}.Release|x64.Build.0 = Release|Any CPU
		{101A3E64-1BC3-4A6D-9E4D-B829F6B9842D}.Release|x86.ActiveCfg = Release|Any CPU
		{101A3E64-1BC3-4A6D-9E4D-B829F6B9842D}.Release|x86.Build.0 = Release|Any CPU
		{A0E906CB-F24D-40A3-9D04-8648C896AA54}.Debug|Any CPU.ActiveCfg = Debug|Any CPU
		{A0E906CB-F24D-40A3-9D04-8648C896AA54}.Debug|Any CPU.Build.0 = Debug|Any CPU
		{A0E906CB-F24D-40A3-9D04-8648C896AA54}.Debug|x64.ActiveCfg = Debug|Any CPU
		{A0E906CB-F24D-40A3-9D04-8648C896AA54}.Debug|x64.Build.0 = Debug|Any CPU
		{A0E906CB-F24D-40A3-9D04-8648C896AA54}.Debug|x86.ActiveCfg = Debug|Any CPU
		{A0E906CB-F24D-40A3-9D04-8648C896AA54}.Debug|x86.Build.0 = Debug|Any CPU
		{A0E906CB-F24D-40A3-9D04-8648C896AA54}.Release|Any CPU.ActiveCfg = Release|Any CPU
		{A0E906CB-F24D-40A3-9D04-8648C896AA54}.Release|Any CPU.Build.0 = Release|Any CPU
		{A0E906CB-F24D-40A3-9D04-8648C896AA54}.Release|x64.ActiveCfg = Release|Any CPU
		{A0E906CB-F24D-40A3-9D04-8648C896AA54}.Release|x64.Build.0 = Release|Any CPU
		{A0E906CB-F24D-40A3-9D04-8648C896AA54}.Release|x86.ActiveCfg = Release|Any CPU
		{A0E906CB-F24D-40A3-9D04-8648C896AA54}.Release|x86.Build.0 = Release|Any CPU
		{E9E28DB8-C81A-445C-9D2A-3F760A59924A}.Debug|Any CPU.ActiveCfg = Debug|Any CPU
		{E9E28DB8-C81A-445C-9D2A-3F760A59924A}.Debug|Any CPU.Build.0 = Debug|Any CPU
		{E9E28DB8-C81A-445C-9D2A-3F760A59924A}.Debug|x64.ActiveCfg = Debug|Any CPU
		{E9E28DB8-C81A-445C-9D2A-3F760A59924A}.Debug|x64.Build.0 = Debug|Any CPU
		{E9E28DB8-C81A-445C-9D2A-3F760A59924A}.Debug|x86.ActiveCfg = Debug|Any CPU
		{E9E28DB8-C81A-445C-9D2A-3F760A59924A}.Debug|x86.Build.0 = Debug|Any CPU
		{E9E28DB8-C81A-445C-9D2A-3F760A59924A}.Release|Any CPU.ActiveCfg = Release|Any CPU
		{E9E28DB8-C81A-445C-9D2A-3F760A59924A}.Release|Any CPU.Build.0 = Release|Any CPU
		{E9E28DB8-C81A-445C-9D2A-3F760A59924A}.Release|x64.ActiveCfg = Release|Any CPU
		{E9E28DB8-C81A-445C-9D2A-3F760A59924A}.Release|x64.Build.0 = Release|Any CPU
		{E9E28DB8-C81A-445C-9D2A-3F760A59924A}.Release|x86.ActiveCfg = Release|Any CPU
		{E9E28DB8-C81A-445C-9D2A-3F760A59924A}.Release|x86.Build.0 = Release|Any CPU
		{232DB101-3258-4E3A-AA4D-D9B25FE35602}.Debug|Any CPU.ActiveCfg = Debug|Any CPU
		{232DB101-3258-4E3A-AA4D-D9B25FE35602}.Debug|Any CPU.Build.0 = Debug|Any CPU
		{232DB101-3258-4E3A-AA4D-D9B25FE35602}.Debug|x64.ActiveCfg = Debug|Any CPU
		{232DB101-3258-4E3A-AA4D-D9B25FE35602}.Debug|x64.Build.0 = Debug|Any CPU
		{232DB101-3258-4E3A-AA4D-D9B25FE35602}.Debug|x86.ActiveCfg = Debug|Any CPU
		{232DB101-3258-4E3A-AA4D-D9B25FE35602}.Debug|x86.Build.0 = Debug|Any CPU
		{232DB101-3258-4E3A-AA4D-D9B25FE35602}.Release|Any CPU.ActiveCfg = Release|Any CPU
		{232DB101-3258-4E3A-AA4D-D9B25FE35602}.Release|Any CPU.Build.0 = Release|Any CPU
		{232DB101-3258-4E3A-AA4D-D9B25FE35602}.Release|x64.ActiveCfg = Release|Any CPU
		{232DB101-3258-4E3A-AA4D-D9B25FE35602}.Release|x64.Build.0 = Release|Any CPU
		{232DB101-3258-4E3A-AA4D-D9B25FE35602}.Release|x86.ActiveCfg = Release|Any CPU
		{232DB101-3258-4E3A-AA4D-D9B25FE35602}.Release|x86.Build.0 = Release|Any CPU
		{A92DA1E0-E0B3-4612-BF9C-EE08CBE14438}.Debug|Any CPU.ActiveCfg = Debug|Any CPU
		{A92DA1E0-E0B3-4612-BF9C-EE08CBE14438}.Debug|Any CPU.Build.0 = Debug|Any CPU
		{A92DA1E0-E0B3-4612-BF9C-EE08CBE14438}.Debug|x64.ActiveCfg = Debug|Any CPU
		{A92DA1E0-E0B3-4612-BF9C-EE08CBE14438}.Debug|x64.Build.0 = Debug|Any CPU
		{A92DA1E0-E0B3-4612-BF9C-EE08CBE14438}.Debug|x86.ActiveCfg = Debug|Any CPU
		{A92DA1E0-E0B3-4612-BF9C-EE08CBE14438}.Debug|x86.Build.0 = Debug|Any CPU
		{A92DA1E0-E0B3-4612-BF9C-EE08CBE14438}.Release|Any CPU.ActiveCfg = Release|Any CPU
		{A92DA1E0-E0B3-4612-BF9C-EE08CBE14438}.Release|Any CPU.Build.0 = Release|Any CPU
		{A92DA1E0-E0B3-4612-BF9C-EE08CBE14438}.Release|x64.ActiveCfg = Release|Any CPU
		{A92DA1E0-E0B3-4612-BF9C-EE08CBE14438}.Release|x64.Build.0 = Release|Any CPU
		{A92DA1E0-E0B3-4612-BF9C-EE08CBE14438}.Release|x86.ActiveCfg = Release|Any CPU
		{A92DA1E0-E0B3-4612-BF9C-EE08CBE14438}.Release|x86.Build.0 = Release|Any CPU
		{CA6D84B7-0BA2-4D13-B33E-C430B9A7D27C}.Debug|Any CPU.ActiveCfg = Debug|Any CPU
		{CA6D84B7-0BA2-4D13-B33E-C430B9A7D27C}.Debug|Any CPU.Build.0 = Debug|Any CPU
		{CA6D84B7-0BA2-4D13-B33E-C430B9A7D27C}.Debug|x64.ActiveCfg = Debug|Any CPU
		{CA6D84B7-0BA2-4D13-B33E-C430B9A7D27C}.Debug|x64.Build.0 = Debug|Any CPU
		{CA6D84B7-0BA2-4D13-B33E-C430B9A7D27C}.Debug|x86.ActiveCfg = Debug|Any CPU
		{CA6D84B7-0BA2-4D13-B33E-C430B9A7D27C}.Debug|x86.Build.0 = Debug|Any CPU
		{CA6D84B7-0BA2-4D13-B33E-C430B9A7D27C}.Release|Any CPU.ActiveCfg = Release|Any CPU
		{CA6D84B7-0BA2-4D13-B33E-C430B9A7D27C}.Release|Any CPU.Build.0 = Release|Any CPU
		{CA6D84B7-0BA2-4D13-B33E-C430B9A7D27C}.Release|x64.ActiveCfg = Release|Any CPU
		{CA6D84B7-0BA2-4D13-B33E-C430B9A7D27C}.Release|x64.Build.0 = Release|Any CPU
		{CA6D84B7-0BA2-4D13-B33E-C430B9A7D27C}.Release|x86.ActiveCfg = Release|Any CPU
		{CA6D84B7-0BA2-4D13-B33E-C430B9A7D27C}.Release|x86.Build.0 = Release|Any CPU
	EndGlobalSection
	GlobalSection(SolutionProperties) = preSolution
		HideSolutionNode = FALSE
	EndGlobalSection
	GlobalSection(ExtensibilityGlobals) = postSolution
		SolutionGuid = {2E0F8BAA-029F-45E0-8541-750944072811}
	EndGlobalSection
EndGlobal
